dependencies:
- name: simple-app
  repository: file://../../charts/simple-app
  version: 0.20.0
- name: simple-app
  repository: file://../../charts/simple-app
  version: 0.20.0
- name: simple-cronjob
  repository: file://../../charts/simple-cronjob
  version: 0.2.0
- name: simple-cronjob
  repository: file://../../charts/simple-cronjob
  version: 0.2.0
digest: sha256:b0a3b610d188578cc561b92d58d58fbd957c3de430ba03f39dc6f5988a6b0378
generated: "2026-02-09T14:15:01.737959801+04:00"
